
Microsoft Visual Studio Solution File, Format Version 12.00
# Visual Studio 15
VisualStudioVersion = 15.0.27004.2008
MinimumVisualStudioVersion = 10.0.40219.1
Project("{9A19103F-16F7-4668-BE54-9A1E7A4F7556}") = "Tours.Standard.BizNew", "Tours.Standard.BizNew\Tours.Standard.BizNew.csproj", "{2493628F-95D5-4062-8671-56E95D2C9A39}"
EndProject
Project("{2150E333-8FDC-42A3-9474-1A3956D46DE8}") = "Screenshots", "Screenshots", "{26001FF4-21E5-4649-AEB5-06AF7DDE23E5}"
	ProjectSection(SolutionItems) = preProject
		WinFormScreen1.png = WinFormScreen1.png
		WinFormScreen2.png = WinFormScreen2.png
		WinFormScreen3.png = WinFormScreen3.png
	EndProjectSection
EndProject
Project("{2150E333-8FDC-42A3-9474-1A3956D46DE8}") = "CreateUWP-Done", "CreateUWP-Done", "{D395D125-8B61-4F83-839D-CC5E3786034F}"
EndProject
Project("{FAE04EC0-301F-11D3-BF4B-00C04F79EFBC}") = "Tours.Standard.UWP", "Tours.Standard.UWP\Tours.Standard.UWP.csproj", "{88697CA1-0D2C-483A-8246-7134B3B0ACA4}"
EndProject
Global
	GlobalSection(SolutionConfigurationPlatforms) = preSolution
		Debug|Any CPU = Debug|Any CPU
		Debug|ARM = Debug|ARM
		Debug|x64 = Debug|x64
		Debug|x86 = Debug|x86
		Release|Any CPU = Release|Any CPU
		Release|ARM = Release|ARM
		Release|x64 = Release|x64
		Release|x86 = Release|x86
	EndGlobalSection
	GlobalSection(ProjectConfigurationPlatforms) = postSolution
		{2493628F-95D5-4062-8671-56E95D2C9A39}.Debug|Any CPU.ActiveCfg = Debug|Any CPU
		{2493628F-95D5-4062-8671-56E95D2C9A39}.Debug|Any CPU.Build.0 = Debug|Any CPU
		{2493628F-95D5-4062-8671-56E95D2C9A39}.Debug|ARM.ActiveCfg = Debug|Any CPU
		{2493628F-95D5-4062-8671-56E95D2C9A39}.Debug|ARM.Build.0 = Debug|Any CPU
		{2493628F-95D5-4062-8671-56E95D2C9A39}.Debug|x64.ActiveCfg = Debug|Any CPU
		{2493628F-95D5-4062-8671-56E95D2C9A39}.Debug|x64.Build.0 = Debug|Any CPU
		{2493628F-95D5-4062-8671-56E95D2C9A39}.Debug|x86.ActiveCfg = Debug|Any CPU
		{2493628F-95D5-4062-8671-56E95D2C9A39}.Debug|x86.Build.0 = Debug|Any CPU
		{2493628F-95D5-4062-8671-56E95D2C9A39}.Release|Any CPU.ActiveCfg = Release|Any CPU
		{2493628F-95D5-4062-8671-56E95D2C9A39}.Release|Any CPU.Build.0 = Release|Any CPU
		{2493628F-95D5-4062-8671-56E95D2C9A39}.Release|ARM.ActiveCfg = Release|Any CPU
		{2493628F-95D5-4062-8671-56E95D2C9A39}.Release|ARM.Build.0 = Release|Any CPU
		{2493628F-95D5-4062-8671-56E95D2C9A39}.Release|x64.ActiveCfg = Release|Any CPU
		{2493628F-95D5-4062-8671-56E95D2C9A39}.Release|x64.Build.0 = Release|Any CPU
		{2493628F-95D5-4062-8671-56E95D2C9A39}.Release|x86.ActiveCfg = Release|Any CPU
		{2493628F-95D5-4062-8671-56E95D2C9A39}.Release|x86.Build.0 = Release|Any CPU
		{88697CA1-0D2C-483A-8246-7134B3B0ACA4}.Debug|Any CPU.ActiveCfg = Debug|x86
		{88697CA1-0D2C-483A-8246-7134B3B0ACA4}.Debug|ARM.ActiveCfg = Debug|ARM
		{88697CA1-0D2C-483A-8246-7134B3B0ACA4}.Debug|ARM.Build.0 = Debug|ARM
		{88697CA1-0D2C-483A-8246-7134B3B0ACA4}.Debug|ARM.Deploy.0 = Debug|ARM
		{88697CA1-0D2C-483A-8246-7134B3B0ACA4}.Debug|x64.ActiveCfg = Debug|x64
		{88697CA1-0D2C-483A-8246-7134B3B0ACA4}.Debug|x64.Build.0 = Debug|x64
		{88697CA1-0D2C-483A-8246-7134B3B0ACA4}.Debug|x64.Deploy.0 = Debug|x64
		{88697CA1-0D2C-483A-8246-7134B3B0ACA4}.Debug|x86.ActiveCfg = Debug|x86
		{88697CA1-0D2C-483A-8246-7134B3B0ACA4}.Debug|x86.Build.0 = Debug|x86
		{88697CA1-0D2C-483A-8246-7134B3B0ACA4}.Debug|x86.Deploy.0 = Debug|x86
		{88697CA1-0D2C-483A-8246-7134B3B0ACA4}.Release|Any CPU.ActiveCfg = Release|x86
		{88697CA1-0D2C-483A-8246-7134B3B0ACA4}.Release|ARM.ActiveCfg = Release|ARM
		{88697CA1-0D2C-483A-8246-7134B3B0ACA4}.Release|ARM.Build.0 = Release|ARM
		{88697CA1-0D2C-483A-8246-7134B3B0ACA4}.Release|ARM.Deploy.0 = Release|ARM
		{88697CA1-0D2C-483A-8246-7134B3B0ACA4}.Release|x64.ActiveCfg = Release|x64
		{88697CA1-0D2C-483A-8246-7134B3B0ACA4}.Release|x64.Build.0 = Release|x64
		{88697CA1-0D2C-483A-8246-7134B3B0ACA4}.Release|x64.Deploy.0 = Release|x64
		{88697CA1-0D2C-483A-8246-7134B3B0ACA4}.Release|x86.ActiveCfg = Release|x86
		{88697CA1-0D2C-483A-8246-7134B3B0ACA4}.Release|x86.Build.0 = Release|x86
		{88697CA1-0D2C-483A-8246-7134B3B0ACA4}.Release|x86.Deploy.0 = Release|x86
	EndGlobalSection
	GlobalSection(SolutionProperties) = preSolution
		HideSolutionNode = FALSE
	EndGlobalSection
	GlobalSection(ExtensibilityGlobals) = postSolution
		SolutionGuid = {8FA8A451-ECDC-4A61-AD45-F34166233401}
	EndGlobalSection
EndGlobal
